// !$*UTF8*$!
{
	archiveVersion = 1;
	classes = {
	};
	objectVersion = 56;
	objects = {

/* Begin PBXBuildFile section */
		37078E762A4072C900292BE8 /* temp4.swift in Sources */ = {isa = PBXBuildFile; fileRef = 37078E752A4072C900292BE8 /* temp4.swift */; };
		37078E782A4072D800292BE8 /* temp5.swift in Sources */ = {isa = PBXBuildFile; fileRef = 37078E772A4072D800292BE8 /* temp5.swift */; };
		37078E822A40733400292BE8 /* temp10.swift in Sources */ = {isa = PBXBuildFile; fileRef = 37078E812A40733400292BE8 /* temp10.swift */; };
		37693AAC2A44561400317BAF /* Helper.swift in Sources */ = {isa = PBXBuildFile; fileRef = 37693AAB2A44561400317BAF /* Helper.swift */; };
		37C29B992A400F0E001C2335 /* AppDelegate.swift in Sources */ = {isa = PBXBuildFile; fileRef = 37C29B982A400F0E001C2335 /* AppDelegate.swift */; };
		37C29B9B2A400F0E001C2335 /* GameScene.sks in Resources */ = {isa = PBXBuildFile; fileRef = 37C29B9A2A400F0E001C2335 /* GameScene.sks */; };
		37C29B9F2A400F0E001C2335 /* GameScene.swift in Sources */ = {isa = PBXBuildFile; fileRef = 37C29B9E2A400F0E001C2335 /* GameScene.swift */; };
		37C29BA12A400F0E001C2335 /* GameViewController.swift in Sources */ = {isa = PBXBuildFile; fileRef = 37C29BA02A400F0E001C2335 /* GameViewController.swift */; };
		37C29BA42A400F0E001C2335 /* Main.storyboard in Resources */ = {isa = PBXBuildFile; fileRef = 37C29BA22A400F0E001C2335 /* Main.storyboard */; };
		37C29BA62A400F0F001C2335 /* Assets.xcassets in Resources */ = {isa = PBXBuildFile; fileRef = 37C29BA52A400F0F001C2335 /* Assets.xcassets */; };
		37C29BA92A400F0F001C2335 /* LaunchScreen.storyboard in Resources */ = {isa = PBXBuildFile; fileRef = 37C29BA72A400F0F001C2335 /* LaunchScreen.storyboard */; };
		37D9EF662A4A9B8800AB73BA /* found.mp3 in Resources */ = {isa = PBXBuildFile; fileRef = 37D9EF622A4A9B8800AB73BA /* found.mp3 */; };
		37D9EF672A4A9B8800AB73BA /* bgm.mp3 in Resources */ = {isa = PBXBuildFile; fileRef = 37D9EF632A4A9B8800AB73BA /* bgm.mp3 */; };
		37D9EF682A4A9B8800AB73BA /* teleport.mp3 in Resources */ = {isa = PBXBuildFile; fileRef = 37D9EF642A4A9B8800AB73BA /* teleport.mp3 */; };
		37D9EF692A4A9B8800AB73BA /* activeButton.mp3 in Resources */ = {isa = PBXBuildFile; fileRef = 37D9EF652A4A9B8800AB73BA /* activeButton.mp3 */; };
		37D9EF8B2A4BDE7900AB73BA /* Particle.sks in Resources */ = {isa = PBXBuildFile; fileRef = 37D9EF892A4BDE7900AB73BA /* Particle.sks */; };
		37D9EF952A4C21F700AB73BA /* MyTileSet.sks in Resources */ = {isa = PBXBuildFile; fileRef = 37D9EF932A4C21F700AB73BA /* MyTileSet.sks */; };
		37D9EF962A4C21F700AB73BA /* Assets.xcassets in Resources */ = {isa = PBXBuildFile; fileRef = 37D9EF942A4C21F700AB73BA /* Assets.xcassets */; };
		37D9EFA12A4E88D500AB73BA /* level1_bgm.mp3 in Resources */ = {isa = PBXBuildFile; fileRef = 37D9EF9C2A4E88D400AB73BA /* level1_bgm.mp3 */; };
		37D9EFA22A4E88D500AB73BA /* level1_voice2.mp3 in Resources */ = {isa = PBXBuildFile; fileRef = 37D9EF9D2A4E88D400AB73BA /* level1_voice2.mp3 */; };
		37D9EFA32A4E88D500AB73BA /* level1_voice1.mp3 in Resources */ = {isa = PBXBuildFile; fileRef = 37D9EF9E2A4E88D400AB73BA /* level1_voice1.mp3 */; };
		37D9EFA42A4E88D500AB73BA /* level1_voice3.mp3 in Resources */ = {isa = PBXBuildFile; fileRef = 37D9EF9F2A4E88D500AB73BA /* level1_voice3.mp3 */; };
		37D9EFA52A4E88D500AB73BA /* level1_voice4.mp3 in Resources */ = {isa = PBXBuildFile; fileRef = 37D9EFA02A4E88D500AB73BA /* level1_voice4.mp3 */; };
		651F41272A4C46890037D4EE /* GameScene1_1.swift in Sources */ = {isa = PBXBuildFile; fileRef = 651F41262A4C46890037D4EE /* GameScene1_1.swift */; };
		652ADE5D2A45B15C00ADD08A /* GameScenePhysics.swift in Sources */ = {isa = PBXBuildFile; fileRef = 652ADE5C2A45B15C00ADD08A /* GameScenePhysics.swift */; };
		6577CEF82A462C1D006FE200 /* GameScene1_2.swift in Sources */ = {isa = PBXBuildFile; fileRef = 6577CEF72A462C1D006FE200 /* GameScene1_2.swift */; };
		65C75BD92A4CF346004375D6 /* GameScene1_1.sks in Resources */ = {isa = PBXBuildFile; fileRef = 65C75BD82A4CF346004375D6 /* GameScene1_1.sks */; };
		65C75BDC2A4CF3CD004375D6 /* GameScene1_2.sks in Resources */ = {isa = PBXBuildFile; fileRef = 65C75BDA2A4CF3CD004375D6 /* GameScene1_2.sks */; };
		65C75BDD2A4CF3CD004375D6 /* GameScene1_3.sks in Resources */ = {isa = PBXBuildFile; fileRef = 65C75BDB2A4CF3CD004375D6 /* GameScene1_3.sks */; };
		65C75BDF2A4CF3DD004375D6 /* GameScene1_3.swift in Sources */ = {isa = PBXBuildFile; fileRef = 65C75BDE2A4CF3DD004375D6 /* GameScene1_3.swift */; };
		8F1B557B2A454124007C2BC6 /* TilesSet.sks in Resources */ = {isa = PBXBuildFile; fileRef = 8F1B557A2A454124007C2BC6 /* TilesSet.sks */; };
		8F2DF8E02A4E7DB3000C5450 /* OnboardingScene.sks in Resources */ = {isa = PBXBuildFile; fileRef = 8F2DF8DF2A4E7DB3000C5450 /* OnboardingScene.sks */; };
		8F2DF8E42A4E8526000C5450 /* OnboardingScene.swift in Sources */ = {isa = PBXBuildFile; fileRef = 8F2DF8E32A4E8526000C5450 /* OnboardingScene.swift */; };
		8F36DAD72A496E4B006D6D13 /* PopUpSettingsViewController.swift in Sources */ = {isa = PBXBuildFile; fileRef = 8F36DAD62A496E4B006D6D13 /* PopUpSettingsViewController.swift */; };
		8F48B8822A4929FE00D3FD13 /* PopUpMenuViewController.swift in Sources */ = {isa = PBXBuildFile; fileRef = 8F48B8812A4929FE00D3FD13 /* PopUpMenuViewController.swift */; };
		8F82E7A02A4AF26500CDEBE5 /* AudioHelper.swift in Sources */ = {isa = PBXBuildFile; fileRef = 8F82E79F2A4AF26500CDEBE5 /* AudioHelper.swift */; };
		8F82E7A32A4C22D200CDEBE5 /* ChapterScene1.sks in Resources */ = {isa = PBXBuildFile; fileRef = 8F82E7A22A4C22D200CDEBE5 /* ChapterScene1.sks */; };
		8F82E7A52A4C231C00CDEBE5 /* ChapterScene1.swift in Sources */ = {isa = PBXBuildFile; fileRef = 8F82E7A42A4C231C00CDEBE5 /* ChapterScene1.swift */; };
		8F82E7CB2A4CA08500CDEBE5 /* Level.swift in Sources */ = {isa = PBXBuildFile; fileRef = 8F82E7CA2A4CA08500CDEBE5 /* Level.swift */; };
		8F82E7CD2A4CA18900CDEBE5 /* Chapter.swift in Sources */ = {isa = PBXBuildFile; fileRef = 8F82E7CC2A4CA18900CDEBE5 /* Chapter.swift */; };
		8F82E7CF2A4CA74800CDEBE5 /* ChapterHelper.swift in Sources */ = {isa = PBXBuildFile; fileRef = 8F82E7CE2A4CA74800CDEBE5 /* ChapterHelper.swift */; };
		8F82E7D72A4D865700CDEBE5 /* LevelHelper.swift in Sources */ = {isa = PBXBuildFile; fileRef = 8F82E7D62A4D865700CDEBE5 /* LevelHelper.swift */; };
		8F82E7E42A4E582800CDEBE5 /* GameScene2_1.sks in Resources */ = {isa = PBXBuildFile; fileRef = 8F82E7E02A4E582800CDEBE5 /* GameScene2_1.sks */; };
		8F82E7E52A4E582800CDEBE5 /* GameScene2_2.sks in Resources */ = {isa = PBXBuildFile; fileRef = 8F82E7E12A4E582800CDEBE5 /* GameScene2_2.sks */; };
		8F82E7E62A4E582800CDEBE5 /* GameScene2_3.sks in Resources */ = {isa = PBXBuildFile; fileRef = 8F82E7E22A4E582800CDEBE5 /* GameScene2_3.sks */; };
		8F82E7E72A4E582800CDEBE5 /* GameScene2_4.sks in Resources */ = {isa = PBXBuildFile; fileRef = 8F82E7E32A4E582800CDEBE5 /* GameScene2_4.sks */; };
		8F93FC0A2A489DE4008E0FA8 /* ChaptersMenuViewController.swift in Sources */ = {isa = PBXBuildFile; fileRef = 8F93FC092A489DE4008E0FA8 /* ChaptersMenuViewController.swift */; };
		A561EE982A443596000A2042 /* GameData.swift in Sources */ = {isa = PBXBuildFile; fileRef = A561EE972A443596000A2042 /* GameData.swift */; };
		A588A4D12A4FFB0900C9A4D8 /* Onboarding.swift in Sources */ = {isa = PBXBuildFile; fileRef = A588A4D02A4FFB0900C9A4D8 /* Onboarding.swift */; };
		A5C2FDBE2A45069700237D71 /* MenuViewController.swift in Sources */ = {isa = PBXBuildFile; fileRef = A5C2FDBD2A45069700237D71 /* MenuViewController.swift */; };
		A9C848DF2A4ADC45008FDE7C /* FinishScreenViewController.swift in Sources */ = {isa = PBXBuildFile; fileRef = A9C848DE2A4ADC45008FDE7C /* FinishScreenViewController.swift */; };
/* End PBXBuildFile section */

/* Begin PBXFileReference section */
		37078E752A4072C900292BE8 /* temp4.swift */ = {isa = PBXFileReference; lastKnownFileType = sourcecode.swift; path = temp4.swift; sourceTree = "<group>"; };
		37078E772A4072D800292BE8 /* temp5.swift */ = {isa = PBXFileReference; lastKnownFileType = sourcecode.swift; path = temp5.swift; sourceTree = "<group>"; };
		37078E812A40733400292BE8 /* temp10.swift */ = {isa = PBXFileReference; lastKnownFileType = sourcecode.swift; path = temp10.swift; sourceTree = "<group>"; };
		37693AAB2A44561400317BAF /* Helper.swift */ = {isa = PBXFileReference; lastKnownFileType = sourcecode.swift; path = Helper.swift; sourceTree = "<group>"; };
		37C29B952A400F0E001C2335 /* Lost Choir.app */ = {isa = PBXFileReference; explicitFileType = wrapper.application; includeInIndex = 0; path = "Lost Choir.app"; sourceTree = BUILT_PRODUCTS_DIR; };
		37C29B982A400F0E001C2335 /* AppDelegate.swift */ = {isa = PBXFileReference; lastKnownFileType = sourcecode.swift; path = AppDelegate.swift; sourceTree = "<group>"; };
		37C29B9A2A400F0E001C2335 /* GameScene.sks */ = {isa = PBXFileReference; lastKnownFileType = file.sks; path = GameScene.sks; sourceTree = "<group>"; };
		37C29B9E2A400F0E001C2335 /* GameScene.swift */ = {isa = PBXFileReference; lastKnownFileType = sourcecode.swift; path = GameScene.swift; sourceTree = "<group>"; };
		37C29BA02A400F0E001C2335 /* GameViewController.swift */ = {isa = PBXFileReference; lastKnownFileType = sourcecode.swift; name = GameViewController.swift; path = "Level 1/GameViewController.swift"; sourceTree = "<group>"; };
		37C29BA32A400F0E001C2335 /* Base */ = {isa = PBXFileReference; lastKnownFileType = file.storyboard; name = Base; path = Base.lproj/Main.storyboard; sourceTree = "<group>"; };
		37C29BA52A400F0F001C2335 /* Assets.xcassets */ = {isa = PBXFileReference; lastKnownFileType = folder.assetcatalog; path = Assets.xcassets; sourceTree = "<group>"; };
		37C29BA82A400F0F001C2335 /* Base */ = {isa = PBXFileReference; lastKnownFileType = file.storyboard; name = Base; path = Base.lproj/LaunchScreen.storyboard; sourceTree = "<group>"; };
		37D9EF622A4A9B8800AB73BA /* found.mp3 */ = {isa = PBXFileReference; lastKnownFileType = audio.mp3; path = found.mp3; sourceTree = "<group>"; };
		37D9EF632A4A9B8800AB73BA /* bgm.mp3 */ = {isa = PBXFileReference; lastKnownFileType = audio.mp3; path = bgm.mp3; sourceTree = "<group>"; };
		37D9EF642A4A9B8800AB73BA /* teleport.mp3 */ = {isa = PBXFileReference; lastKnownFileType = audio.mp3; path = teleport.mp3; sourceTree = "<group>"; };
		37D9EF652A4A9B8800AB73BA /* activeButton.mp3 */ = {isa = PBXFileReference; lastKnownFileType = audio.mp3; path = activeButton.mp3; sourceTree = "<group>"; };
		37D9EF892A4BDE7900AB73BA /* Particle.sks */ = {isa = PBXFileReference; lastKnownFileType = file.sks; path = Particle.sks; sourceTree = "<group>"; };
		37D9EF932A4C21F700AB73BA /* MyTileSet.sks */ = {isa = PBXFileReference; lastKnownFileType = file.sks; path = MyTileSet.sks; sourceTree = "<group>"; };
		37D9EF942A4C21F700AB73BA /* Assets.xcassets */ = {isa = PBXFileReference; lastKnownFileType = folder.assetcatalog; path = Assets.xcassets; sourceTree = "<group>"; };
		37D9EF9C2A4E88D400AB73BA /* level1_bgm.mp3 */ = {isa = PBXFileReference; lastKnownFileType = audio.mp3; path = level1_bgm.mp3; sourceTree = "<group>"; };
		37D9EF9D2A4E88D400AB73BA /* level1_voice2.mp3 */ = {isa = PBXFileReference; lastKnownFileType = audio.mp3; path = level1_voice2.mp3; sourceTree = "<group>"; };
		37D9EF9E2A4E88D400AB73BA /* level1_voice1.mp3 */ = {isa = PBXFileReference; lastKnownFileType = audio.mp3; path = level1_voice1.mp3; sourceTree = "<group>"; };
		37D9EF9F2A4E88D500AB73BA /* level1_voice3.mp3 */ = {isa = PBXFileReference; lastKnownFileType = audio.mp3; path = level1_voice3.mp3; sourceTree = "<group>"; };
		37D9EFA02A4E88D500AB73BA /* level1_voice4.mp3 */ = {isa = PBXFileReference; lastKnownFileType = audio.mp3; path = level1_voice4.mp3; sourceTree = "<group>"; };
		651F41262A4C46890037D4EE /* GameScene1_1.swift */ = {isa = PBXFileReference; lastKnownFileType = sourcecode.swift; path = GameScene1_1.swift; sourceTree = "<group>"; };
		652ADE5C2A45B15C00ADD08A /* GameScenePhysics.swift */ = {isa = PBXFileReference; lastKnownFileType = sourcecode.swift; path = GameScenePhysics.swift; sourceTree = "<group>"; };
		6577CEF72A462C1D006FE200 /* GameScene1_2.swift */ = {isa = PBXFileReference; lastKnownFileType = sourcecode.swift; path = GameScene1_2.swift; sourceTree = "<group>"; };
		65C75BD82A4CF346004375D6 /* GameScene1_1.sks */ = {isa = PBXFileReference; lastKnownFileType = file.sks; path = GameScene1_1.sks; sourceTree = "<group>"; };
		65C75BDA2A4CF3CD004375D6 /* GameScene1_2.sks */ = {isa = PBXFileReference; lastKnownFileType = file.sks; path = GameScene1_2.sks; sourceTree = "<group>"; };
		65C75BDB2A4CF3CD004375D6 /* GameScene1_3.sks */ = {isa = PBXFileReference; lastKnownFileType = file.sks; path = GameScene1_3.sks; sourceTree = "<group>"; };
		65C75BDE2A4CF3DD004375D6 /* GameScene1_3.swift */ = {isa = PBXFileReference; lastKnownFileType = sourcecode.swift; path = GameScene1_3.swift; sourceTree = "<group>"; };
		8F1B557A2A454124007C2BC6 /* TilesSet.sks */ = {isa = PBXFileReference; lastKnownFileType = file.sks; path = TilesSet.sks; sourceTree = "<group>"; };
		8F2DF8DF2A4E7DB3000C5450 /* OnboardingScene.sks */ = {isa = PBXFileReference; lastKnownFileType = file.sks; path = OnboardingScene.sks; sourceTree = "<group>"; };
		8F2DF8E32A4E8526000C5450 /* OnboardingScene.swift */ = {isa = PBXFileReference; lastKnownFileType = sourcecode.swift; path = OnboardingScene.swift; sourceTree = "<group>"; };
		8F36DAD62A496E4B006D6D13 /* PopUpSettingsViewController.swift */ = {isa = PBXFileReference; lastKnownFileType = sourcecode.swift; path = PopUpSettingsViewController.swift; sourceTree = "<group>"; };
		8F48B8812A4929FE00D3FD13 /* PopUpMenuViewController.swift */ = {isa = PBXFileReference; lastKnownFileType = sourcecode.swift; path = PopUpMenuViewController.swift; sourceTree = "<group>"; };
		8F82E79F2A4AF26500CDEBE5 /* AudioHelper.swift */ = {isa = PBXFileReference; lastKnownFileType = sourcecode.swift; path = AudioHelper.swift; sourceTree = "<group>"; };
		8F82E7A22A4C22D200CDEBE5 /* ChapterScene1.sks */ = {isa = PBXFileReference; lastKnownFileType = file.sks; path = ChapterScene1.sks; sourceTree = "<group>"; };
		8F82E7A42A4C231C00CDEBE5 /* ChapterScene1.swift */ = {isa = PBXFileReference; lastKnownFileType = sourcecode.swift; path = ChapterScene1.swift; sourceTree = "<group>"; };
		8F82E7CA2A4CA08500CDEBE5 /* Level.swift */ = {isa = PBXFileReference; lastKnownFileType = sourcecode.swift; path = Level.swift; sourceTree = "<group>"; };
		8F82E7CC2A4CA18900CDEBE5 /* Chapter.swift */ = {isa = PBXFileReference; lastKnownFileType = sourcecode.swift; path = Chapter.swift; sourceTree = "<group>"; };
		8F82E7CE2A4CA74800CDEBE5 /* ChapterHelper.swift */ = {isa = PBXFileReference; lastKnownFileType = sourcecode.swift; path = ChapterHelper.swift; sourceTree = "<group>"; };
		8F82E7D62A4D865700CDEBE5 /* LevelHelper.swift */ = {isa = PBXFileReference; lastKnownFileType = sourcecode.swift; path = LevelHelper.swift; sourceTree = "<group>"; };
		8F82E7E02A4E582800CDEBE5 /* GameScene2_1.sks */ = {isa = PBXFileReference; lastKnownFileType = file.sks; path = GameScene2_1.sks; sourceTree = "<group>"; };
		8F82E7E12A4E582800CDEBE5 /* GameScene2_2.sks */ = {isa = PBXFileReference; lastKnownFileType = file.sks; path = GameScene2_2.sks; sourceTree = "<group>"; };
		8F82E7E22A4E582800CDEBE5 /* GameScene2_3.sks */ = {isa = PBXFileReference; lastKnownFileType = file.sks; path = GameScene2_3.sks; sourceTree = "<group>"; };
		8F82E7E32A4E582800CDEBE5 /* GameScene2_4.sks */ = {isa = PBXFileReference; lastKnownFileType = file.sks; path = GameScene2_4.sks; sourceTree = "<group>"; };
		8F93FC092A489DE4008E0FA8 /* ChaptersMenuViewController.swift */ = {isa = PBXFileReference; lastKnownFileType = sourcecode.swift; path = ChaptersMenuViewController.swift; sourceTree = "<group>"; };
		A561EE972A443596000A2042 /* GameData.swift */ = {isa = PBXFileReference; lastKnownFileType = sourcecode.swift; path = GameData.swift; sourceTree = "<group>"; };
		A588A4D02A4FFB0900C9A4D8 /* Onboarding.swift */ = {isa = PBXFileReference; lastKnownFileType = sourcecode.swift; path = Onboarding.swift; sourceTree = "<group>"; };
		A5C2FDBD2A45069700237D71 /* MenuViewController.swift */ = {isa = PBXFileReference; lastKnownFileType = sourcecode.swift; path = MenuViewController.swift; sourceTree = "<group>"; };
		A9C848DE2A4ADC45008FDE7C /* FinishScreenViewController.swift */ = {isa = PBXFileReference; lastKnownFileType = sourcecode.swift; path = FinishScreenViewController.swift; sourceTree = "<group>"; };
/* End PBXFileReference section */

/* Begin PBXFrameworksBuildPhase section */
		37C29B922A400F0E001C2335 /* Frameworks */ = {
			isa = PBXFrameworksBuildPhase;
			buildActionMask = 2147483647;
			files = (
			);
			runOnlyForDeploymentPostprocessing = 0;
		};
/* End PBXFrameworksBuildPhase section */

/* Begin PBXGroup section */
		37078E5F2A406C0F00292BE8 /* Entities */ = {
			isa = PBXGroup;
			children = (
			);
			path = Entities;
			sourceTree = "<group>";
		};
		37078E602A406C2C00292BE8 /* Components */ = {
			isa = PBXGroup;
			children = (
			);
			path = Components;
			sourceTree = "<group>";
		};
		37078E612A406C4500292BE8 /* Scenes */ = {
			isa = PBXGroup;
			children = (
				37C29B9A2A400F0E001C2335 /* GameScene.sks */,
				37C29B9E2A400F0E001C2335 /* GameScene.swift */,
				37D9EF932A4C21F700AB73BA /* MyTileSet.sks */,
				37D9EF942A4C21F700AB73BA /* Assets.xcassets */,
				8F1B557A2A454124007C2BC6 /* TilesSet.sks */,
				37D9EF892A4BDE7900AB73BA /* Particle.sks */,
				8F82E7E82A4E594100CDEBE5 /* OnboardingScene */,
				8F82E7A12A4C228300CDEBE5 /* ChapterScene */,
				37C29BA02A400F0E001C2335 /* GameViewController.swift */,
				652ADE5C2A45B15C00ADD08A /* GameScenePhysics.swift */,
				37078E622A406C7400292BE8 /* Level 1 */,
				37078E6C2A406F1B00292BE8 /* Level 2 */,
				37078E6D2A406F2300292BE8 /* Level 3 */,
				A588A4D02A4FFB0900C9A4D8 /* Onboarding.swift */,
			);
			path = Scenes;
			sourceTree = "<group>";
		};
		37078E622A406C7400292BE8 /* Level 1 */ = {
			isa = PBXGroup;
			children = (
				65C75BD82A4CF346004375D6 /* GameScene1_1.sks */,
				65C75BDA2A4CF3CD004375D6 /* GameScene1_2.sks */,
				65C75BDB2A4CF3CD004375D6 /* GameScene1_3.sks */,
				651F41262A4C46890037D4EE /* GameScene1_1.swift */,
				6577CEF72A462C1D006FE200 /* GameScene1_2.swift */,
				65C75BDE2A4CF3DD004375D6 /* GameScene1_3.swift */,
			);
			path = "Level 1";
			sourceTree = "<group>";
		};
		37078E632A406CBA00292BE8 /* UI */ = {
			isa = PBXGroup;
			children = (
				37078E772A4072D800292BE8 /* temp5.swift */,
			);
			path = UI;
			sourceTree = "<group>";
		};
		37078E642A406CD000292BE8 /* Audio */ = {
			isa = PBXGroup;
			children = (
				37078E682A406E0D00292BE8 /* Title Music */,
				37078E692A406E1D00292BE8 /* In Game Music */,
				37078E6A2A406E2700292BE8 /* Sound Effects */,
			);
			path = Audio;
			sourceTree = "<group>";
		};
		37078E652A406CF000292BE8 /* Utilities */ = {
			isa = PBXGroup;
			children = (
				A561EE972A443596000A2042 /* GameData.swift */,
				37693AAB2A44561400317BAF /* Helper.swift */,
				8F82E79F2A4AF26500CDEBE5 /* AudioHelper.swift */,
				8F82E7CE2A4CA74800CDEBE5 /* ChapterHelper.swift */,
				8F82E7D62A4D865700CDEBE5 /* LevelHelper.swift */,
			);
			path = Utilities;
			sourceTree = "<group>";
		};
		37078E662A406D0500292BE8 /* Assets */ = {
			isa = PBXGroup;
			children = (
				37C29BA52A400F0F001C2335 /* Assets.xcassets */,
			);
			path = Assets;
			sourceTree = "<group>";
		};
		37078E672A406D5300292BE8 /* GameMath */ = {
			isa = PBXGroup;
			children = (
				37078E812A40733400292BE8 /* temp10.swift */,
			);
			path = GameMath;
			sourceTree = "<group>";
		};
		37078E682A406E0D00292BE8 /* Title Music */ = {
			isa = PBXGroup;
			children = (
			);
			path = "Title Music";
			sourceTree = "<group>";
		};
		37078E692A406E1D00292BE8 /* In Game Music */ = {
			isa = PBXGroup;
			children = (
				37D9EF9C2A4E88D400AB73BA /* level1_bgm.mp3 */,
				37D9EF9E2A4E88D400AB73BA /* level1_voice1.mp3 */,
				37D9EF9D2A4E88D400AB73BA /* level1_voice2.mp3 */,
				37D9EF9F2A4E88D500AB73BA /* level1_voice3.mp3 */,
				37D9EFA02A4E88D500AB73BA /* level1_voice4.mp3 */,
			);
			path = "In Game Music";
			sourceTree = "<group>";
		};
		37078E6A2A406E2700292BE8 /* Sound Effects */ = {
			isa = PBXGroup;
			children = (
				37D9EF652A4A9B8800AB73BA /* activeButton.mp3 */,
				37D9EF632A4A9B8800AB73BA /* bgm.mp3 */,
				37D9EF622A4A9B8800AB73BA /* found.mp3 */,
				37D9EF642A4A9B8800AB73BA /* teleport.mp3 */,
			);
			path = "Sound Effects";
			sourceTree = "<group>";
		};
		37078E6C2A406F1B00292BE8 /* Level 2 */ = {
			isa = PBXGroup;
			children = (
				8F82E7E02A4E582800CDEBE5 /* GameScene2_1.sks */,
				8F82E7E12A4E582800CDEBE5 /* GameScene2_2.sks */,
				8F82E7E22A4E582800CDEBE5 /* GameScene2_3.sks */,
				8F82E7E32A4E582800CDEBE5 /* GameScene2_4.sks */,
			);
			path = "Level 2";
			sourceTree = "<group>";
		};
		37078E6D2A406F2300292BE8 /* Level 3 */ = {
			isa = PBXGroup;
			children = (
				37078E752A4072C900292BE8 /* temp4.swift */,
			);
			path = "Level 3";
			sourceTree = "<group>";
		};
		37C29B8C2A400F0E001C2335 = {
			isa = PBXGroup;
			children = (
				37C29B972A400F0E001C2335 /* 2DGameExploration */,
				37C29B962A400F0E001C2335 /* Products */,
			);
			sourceTree = "<group>";
		};
		37C29B962A400F0E001C2335 /* Products */ = {
			isa = PBXGroup;
			children = (
				37C29B952A400F0E001C2335 /* Lost Choir.app */,
			);
			name = Products;
			sourceTree = "<group>";
		};
		37C29B972A400F0E001C2335 /* 2DGameExploration */ = {
			isa = PBXGroup;
			children = (
				37078E5F2A406C0F00292BE8 /* Entities */,
				37078E602A406C2C00292BE8 /* Components */,
				8F82E7C92A4CA05F00CDEBE5 /* Model */,
				37078E612A406C4500292BE8 /* Scenes */,
				37078E632A406CBA00292BE8 /* UI */,
				37078E642A406CD000292BE8 /* Audio */,
				37078E652A406CF000292BE8 /* Utilities */,
				37078E662A406D0500292BE8 /* Assets */,
				37078E672A406D5300292BE8 /* GameMath */,
				37C29B982A400F0E001C2335 /* AppDelegate.swift */,
				37C29BA22A400F0E001C2335 /* Main.storyboard */,
				A9C848DE2A4ADC45008FDE7C /* FinishScreenViewController.swift */,
				8F48B8812A4929FE00D3FD13 /* PopUpMenuViewController.swift */,
				8F36DAD62A496E4B006D6D13 /* PopUpSettingsViewController.swift */,
				8F93FC092A489DE4008E0FA8 /* ChaptersMenuViewController.swift */,
				A5C2FDBD2A45069700237D71 /* MenuViewController.swift */,
				37C29BA72A400F0F001C2335 /* LaunchScreen.storyboard */,
			);
			path = 2DGameExploration;
			sourceTree = "<group>";
		};
		8F82E7A12A4C228300CDEBE5 /* ChapterScene */ = {
			isa = PBXGroup;
			children = (
				8F82E7A22A4C22D200CDEBE5 /* ChapterScene1.sks */,
				8F82E7A42A4C231C00CDEBE5 /* ChapterScene1.swift */,
			);
			path = ChapterScene;
			sourceTree = "<group>";
		};
		8F82E7C92A4CA05F00CDEBE5 /* Model */ = {
			isa = PBXGroup;
			children = (
				8F82E7CA2A4CA08500CDEBE5 /* Level.swift */,
				8F82E7CC2A4CA18900CDEBE5 /* Chapter.swift */,
			);
			path = Model;
			sourceTree = "<group>";
		};
		8F82E7E82A4E594100CDEBE5 /* OnboardingScene */ = {
			isa = PBXGroup;
			children = (
				8F2DF8DF2A4E7DB3000C5450 /* OnboardingScene.sks */,
				8F2DF8E32A4E8526000C5450 /* OnboardingScene.swift */,
			);
			path = OnboardingScene;
			sourceTree = "<group>";
		};
/* End PBXGroup section */

/* Begin PBXNativeTarget section */
		37C29B942A400F0E001C2335 /* Lost Choir */ = {
			isa = PBXNativeTarget;
			buildConfigurationList = 37C29BAC2A400F0F001C2335 /* Build configuration list for PBXNativeTarget "Lost Choir" */;
			buildPhases = (
				37C29B912A400F0E001C2335 /* Sources */,
				37C29B922A400F0E001C2335 /* Frameworks */,
				37C29B932A400F0E001C2335 /* Resources */,
			);
			buildRules = (
			);
			dependencies = (
			);
			name = "Lost Choir";
			productName = 2DGameExploration;
			productReference = 37C29B952A400F0E001C2335 /* Lost Choir.app */;
			productType = "com.apple.product-type.application";
		};
/* End PBXNativeTarget section */

/* Begin PBXProject section */
		37C29B8D2A400F0E001C2335 /* Project object */ = {
			isa = PBXProject;
			attributes = {
				BuildIndependentTargetsInParallel = 1;
				LastSwiftUpdateCheck = 1430;
				LastUpgradeCheck = 1430;
				TargetAttributes = {
					37C29B942A400F0E001C2335 = {
						CreatedOnToolsVersion = 14.3;
					};
				};
			};
			buildConfigurationList = 37C29B902A400F0E001C2335 /* Build configuration list for PBXProject "Lost Choir" */;
			compatibilityVersion = "Xcode 14.0";
			developmentRegion = en;
			hasScannedForEncodings = 0;
			knownRegions = (
				en,
				Base,
			);
			mainGroup = 37C29B8C2A400F0E001C2335;
			productRefGroup = 37C29B962A400F0E001C2335 /* Products */;
			projectDirPath = "";
			projectRoot = "";
			targets = (
				37C29B942A400F0E001C2335 /* Lost Choir */,
			);
		};
/* End PBXProject section */

/* Begin PBXResourcesBuildPhase section */
		37C29B932A400F0E001C2335 /* Resources */ = {
			isa = PBXResourcesBuildPhase;
			buildActionMask = 2147483647;
			files = (
				37D9EF682A4A9B8800AB73BA /* teleport.mp3 in Resources */,
				8F82E7A32A4C22D200CDEBE5 /* ChapterScene1.sks in Resources */,
				8F1B557B2A454124007C2BC6 /* TilesSet.sks in Resources */,
				37C29BA42A400F0E001C2335 /* Main.storyboard in Resources */,
				8F82E7E72A4E582800CDEBE5 /* GameScene2_4.sks in Resources */,
				37D9EFA52A4E88D500AB73BA /* level1_voice4.mp3 in Resources */,
				37D9EFA22A4E88D500AB73BA /* level1_voice2.mp3 in Resources */,
				8F82E7E42A4E582800CDEBE5 /* GameScene2_1.sks in Resources */,
				8F82E7E62A4E582800CDEBE5 /* GameScene2_3.sks in Resources */,
				37D9EFA42A4E88D500AB73BA /* level1_voice3.mp3 in Resources */,
				37D9EF662A4A9B8800AB73BA /* found.mp3 in Resources */,
				37D9EFA32A4E88D500AB73BA /* level1_voice1.mp3 in Resources */,
				37C29B9B2A400F0E001C2335 /* GameScene.sks in Resources */,
				65C75BDD2A4CF3CD004375D6 /* GameScene1_3.sks in Resources */,
				65C75BD92A4CF346004375D6 /* GameScene1_1.sks in Resources */,
				8F2DF8E02A4E7DB3000C5450 /* OnboardingScene.sks in Resources */,
				37C29BA62A400F0F001C2335 /* Assets.xcassets in Resources */,
				37D9EF672A4A9B8800AB73BA /* bgm.mp3 in Resources */,
				37C29BA92A400F0F001C2335 /* LaunchScreen.storyboard in Resources */,
				37D9EF692A4A9B8800AB73BA /* activeButton.mp3 in Resources */,
				37D9EF8B2A4BDE7900AB73BA /* Particle.sks in Resources */,
				65C75BDC2A4CF3CD004375D6 /* GameScene1_2.sks in Resources */,
				37D9EF952A4C21F700AB73BA /* MyTileSet.sks in Resources */,
				37D9EF962A4C21F700AB73BA /* Assets.xcassets in Resources */,
				37D9EFA12A4E88D500AB73BA /* level1_bgm.mp3 in Resources */,
				8F82E7E52A4E582800CDEBE5 /* GameScene2_2.sks in Resources */,
			);
			runOnlyForDeploymentPostprocessing = 0;
		};
/* End PBXResourcesBuildPhase section */

/* Begin PBXSourcesBuildPhase section */
		37C29B912A400F0E001C2335 /* Sources */ = {
			isa = PBXSourcesBuildPhase;
			buildActionMask = 2147483647;
			files = (
				37078E762A4072C900292BE8 /* temp4.swift in Sources */,
				8F82E7CF2A4CA74800CDEBE5 /* ChapterHelper.swift in Sources */,
				37693AAC2A44561400317BAF /* Helper.swift in Sources */,
				8F2DF8E42A4E8526000C5450 /* OnboardingScene.swift in Sources */,
				8F82E7A02A4AF26500CDEBE5 /* AudioHelper.swift in Sources */,
				A9C848DF2A4ADC45008FDE7C /* FinishScreenViewController.swift in Sources */,
				8F36DAD72A496E4B006D6D13 /* PopUpSettingsViewController.swift in Sources */,
				37C29B9F2A400F0E001C2335 /* GameScene.swift in Sources */,
				8F82E7CD2A4CA18900CDEBE5 /* Chapter.swift in Sources */,
				8F82E7D72A4D865700CDEBE5 /* LevelHelper.swift in Sources */,
				37C29BA12A400F0E001C2335 /* GameViewController.swift in Sources */,
				8F93FC0A2A489DE4008E0FA8 /* ChaptersMenuViewController.swift in Sources */,
				65C75BDF2A4CF3DD004375D6 /* GameScene1_3.swift in Sources */,
				37078E822A40733400292BE8 /* temp10.swift in Sources */,
				37078E782A4072D800292BE8 /* temp5.swift in Sources */,
				651F41272A4C46890037D4EE /* GameScene1_1.swift in Sources */,
				A5C2FDBE2A45069700237D71 /* MenuViewController.swift in Sources */,
				6577CEF82A462C1D006FE200 /* GameScene1_2.swift in Sources */,
				37C29B992A400F0E001C2335 /* AppDelegate.swift in Sources */,
				8F48B8822A4929FE00D3FD13 /* PopUpMenuViewController.swift in Sources */,
				652ADE5D2A45B15C00ADD08A /* GameScenePhysics.swift in Sources */,
				8F82E7A52A4C231C00CDEBE5 /* ChapterScene1.swift in Sources */,
				A588A4D12A4FFB0900C9A4D8 /* Onboarding.swift in Sources */,
				A561EE982A443596000A2042 /* GameData.swift in Sources */,
				8F82E7CB2A4CA08500CDEBE5 /* Level.swift in Sources */,
			);
			runOnlyForDeploymentPostprocessing = 0;
		};
/* End PBXSourcesBuildPhase section */

/* Begin PBXVariantGroup section */
		37C29BA22A400F0E001C2335 /* Main.storyboard */ = {
			isa = PBXVariantGroup;
			children = (
				37C29BA32A400F0E001C2335 /* Base */,
			);
			name = Main.storyboard;
			sourceTree = "<group>";
		};
		37C29BA72A400F0F001C2335 /* LaunchScreen.storyboard */ = {
			isa = PBXVariantGroup;
			children = (
				37C29BA82A400F0F001C2335 /* Base */,
			);
			name = LaunchScreen.storyboard;
			sourceTree = "<group>";
		};
/* End PBXVariantGroup section */

/* Begin XCBuildConfiguration section */
		37C29BAA2A400F0F001C2335 /* Debug */ = {
			isa = XCBuildConfiguration;
			buildSettings = {
				ALWAYS_SEARCH_USER_PATHS = NO;
				CLANG_ANALYZER_NONNULL = YES;
				CLANG_ANALYZER_NUMBER_OBJECT_CONVERSION = YES_AGGRESSIVE;
				CLANG_CXX_LANGUAGE_STANDARD = "gnu++20";
				CLANG_ENABLE_MODULES = YES;
				CLANG_ENABLE_OBJC_ARC = YES;
				CLANG_ENABLE_OBJC_WEAK = YES;
				CLANG_WARN_BLOCK_CAPTURE_AUTORELEASING = YES;
				CLANG_WARN_BOOL_CONVERSION = YES;
				CLANG_WARN_COMMA = YES;
				CLANG_WARN_CONSTANT_CONVERSION = YES;
				CLANG_WARN_DEPRECATED_OBJC_IMPLEMENTATIONS = YES;
				CLANG_WARN_DIRECT_OBJC_ISA_USAGE = YES_ERROR;
				CLANG_WARN_DOCUMENTATION_COMMENTS = YES;
				CLANG_WARN_EMPTY_BODY = YES;
				CLANG_WARN_ENUM_CONVERSION = YES;
				CLANG_WARN_INFINITE_RECURSION = YES;
				CLANG_WARN_INT_CONVERSION = YES;
				CLANG_WARN_NON_LITERAL_NULL_CONVERSION = YES;
				CLANG_WARN_OBJC_IMPLICIT_RETAIN_SELF = YES;
				CLANG_WARN_OBJC_LITERAL_CONVERSION = YES;
				CLANG_WARN_OBJC_ROOT_CLASS = YES_ERROR;
				CLANG_WARN_QUOTED_INCLUDE_IN_FRAMEWORK_HEADER = YES;
				CLANG_WARN_RANGE_LOOP_ANALYSIS = YES;
				CLANG_WARN_STRICT_PROTOTYPES = YES;
				CLANG_WARN_SUSPICIOUS_MOVE = YES;
				CLANG_WARN_UNGUARDED_AVAILABILITY = YES_AGGRESSIVE;
				CLANG_WARN_UNREACHABLE_CODE = YES;
				CLANG_WARN__DUPLICATE_METHOD_MATCH = YES;
				COPY_PHASE_STRIP = NO;
				DEBUG_INFORMATION_FORMAT = dwarf;
				ENABLE_STRICT_OBJC_MSGSEND = YES;
				ENABLE_TESTABILITY = YES;
				GCC_C_LANGUAGE_STANDARD = gnu11;
				GCC_DYNAMIC_NO_PIC = NO;
				GCC_NO_COMMON_BLOCKS = YES;
				GCC_OPTIMIZATION_LEVEL = 0;
				GCC_PREPROCESSOR_DEFINITIONS = (
					"DEBUG=1",
					"$(inherited)",
				);
				GCC_WARN_64_TO_32_BIT_CONVERSION = YES;
				GCC_WARN_ABOUT_RETURN_TYPE = YES_ERROR;
				GCC_WARN_UNDECLARED_SELECTOR = YES;
				GCC_WARN_UNINITIALIZED_AUTOS = YES_AGGRESSIVE;
				GCC_WARN_UNUSED_FUNCTION = YES;
				GCC_WARN_UNUSED_VARIABLE = YES;
				IPHONEOS_DEPLOYMENT_TARGET = 16.4;
				MTL_ENABLE_DEBUG_INFO = INCLUDE_SOURCE;
				MTL_FAST_MATH = YES;
				ONLY_ACTIVE_ARCH = YES;
				SDKROOT = iphoneos;
				SWIFT_ACTIVE_COMPILATION_CONDITIONS = DEBUG;
				SWIFT_OPTIMIZATION_LEVEL = "-Onone";
			};
			name = Debug;
		};
		37C29BAB2A400F0F001C2335 /* Release */ = {
			isa = XCBuildConfiguration;
			buildSettings = {
				ALWAYS_SEARCH_USER_PATHS = NO;
				CLANG_ANALYZER_NONNULL = YES;
				CLANG_ANALYZER_NUMBER_OBJECT_CONVERSION = YES_AGGRESSIVE;
				CLANG_CXX_LANGUAGE_STANDARD = "gnu++20";
				CLANG_ENABLE_MODULES = YES;
				CLANG_ENABLE_OBJC_ARC = YES;
				CLANG_ENABLE_OBJC_WEAK = YES;
				CLANG_WARN_BLOCK_CAPTURE_AUTORELEASING = YES;
				CLANG_WARN_BOOL_CONVERSION = YES;
				CLANG_WARN_COMMA = YES;
				CLANG_WARN_CONSTANT_CONVERSION = YES;
				CLANG_WARN_DEPRECATED_OBJC_IMPLEMENTATIONS = YES;
				CLANG_WARN_DIRECT_OBJC_ISA_USAGE = YES_ERROR;
				CLANG_WARN_DOCUMENTATION_COMMENTS = YES;
				CLANG_WARN_EMPTY_BODY = YES;
				CLANG_WARN_ENUM_CONVERSION = YES;
				CLANG_WARN_INFINITE_RECURSION = YES;
				CLANG_WARN_INT_CONVERSION = YES;
				CLANG_WARN_NON_LITERAL_NULL_CONVERSION = YES;
				CLANG_WARN_OBJC_IMPLICIT_RETAIN_SELF = YES;
				CLANG_WARN_OBJC_LITERAL_CONVERSION = YES;
				CLANG_WARN_OBJC_ROOT_CLASS = YES_ERROR;
				CLANG_WARN_QUOTED_INCLUDE_IN_FRAMEWORK_HEADER = YES;
				CLANG_WARN_RANGE_LOOP_ANALYSIS = YES;
				CLANG_WARN_STRICT_PROTOTYPES = YES;
				CLANG_WARN_SUSPICIOUS_MOVE = YES;
				CLANG_WARN_UNGUARDED_AVAILABILITY = YES_AGGRESSIVE;
				CLANG_WARN_UNREACHABLE_CODE = YES;
				CLANG_WARN__DUPLICATE_METHOD_MATCH = YES;
				COPY_PHASE_STRIP = NO;
				DEBUG_INFORMATION_FORMAT = "dwarf-with-dsym";
				ENABLE_NS_ASSERTIONS = NO;
				ENABLE_STRICT_OBJC_MSGSEND = YES;
				GCC_C_LANGUAGE_STANDARD = gnu11;
				GCC_NO_COMMON_BLOCKS = YES;
				GCC_WARN_64_TO_32_BIT_CONVERSION = YES;
				GCC_WARN_ABOUT_RETURN_TYPE = YES_ERROR;
				GCC_WARN_UNDECLARED_SELECTOR = YES;
				GCC_WARN_UNINITIALIZED_AUTOS = YES_AGGRESSIVE;
				GCC_WARN_UNUSED_FUNCTION = YES;
				GCC_WARN_UNUSED_VARIABLE = YES;
				IPHONEOS_DEPLOYMENT_TARGET = 16.4;
				MTL_ENABLE_DEBUG_INFO = NO;
				MTL_FAST_MATH = YES;
				SDKROOT = iphoneos;
				SWIFT_COMPILATION_MODE = wholemodule;
				SWIFT_OPTIMIZATION_LEVEL = "-O";
				VALIDATE_PRODUCT = YES;
			};
			name = Release;
		};
		37C29BAD2A400F0F001C2335 /* Debug */ = {
			isa = XCBuildConfiguration;
			buildSettings = {
				ASSETCATALOG_COMPILER_APPICON_NAME = AppIcon;
				ASSETCATALOG_COMPILER_GLOBAL_ACCENT_COLOR_NAME = AccentColor;
				CODE_SIGN_STYLE = Automatic;
				CURRENT_PROJECT_VERSION = 1;
				DEVELOPMENT_TEAM = Q7JL2KYFKQ;
				GENERATE_INFOPLIST_FILE = YES;
				INFOPLIST_KEY_CFBundleDisplayName = "Lost Choir";
				INFOPLIST_KEY_LSApplicationCategoryType = "public.app-category.games";
				INFOPLIST_KEY_UIApplicationSupportsIndirectInputEvents = YES;
				INFOPLIST_KEY_UILaunchStoryboardName = LaunchScreen;
				INFOPLIST_KEY_UIMainStoryboardFile = Main;
				INFOPLIST_KEY_UIStatusBarHidden = YES;
				INFOPLIST_KEY_UISupportedInterfaceOrientations = UIInterfaceOrientationPortrait;
				INFOPLIST_KEY_UISupportedInterfaceOrientations_iPad = "UIInterfaceOrientationLandscapeLeft UIInterfaceOrientationLandscapeRight UIInterfaceOrientationPortrait UIInterfaceOrientationPortraitUpsideDown";
				LD_RUNPATH_SEARCH_PATHS = (
					"$(inherited)",
					"@executable_path/Frameworks",
				);
				MARKETING_VERSION = 1.0;
				PRODUCT_BUNDLE_IDENTIFIER = CCADALZ.lostchoir;
				PRODUCT_NAME = "$(TARGET_NAME)";
				SUPPORTED_PLATFORMS = "iphoneos iphonesimulator";
				SUPPORTS_MACCATALYST = NO;
				SUPPORTS_MAC_DESIGNED_FOR_IPHONE_IPAD = NO;
				SWIFT_EMIT_LOC_STRINGS = YES;
				SWIFT_VERSION = 5.0;
				TARGETED_DEVICE_FAMILY = 1;
			};
			name = Debug;
		};
		37C29BAE2A400F0F001C2335 /* Release */ = {
			isa = XCBuildConfiguration;
			buildSettings = {
				ASSETCATALOG_COMPILER_APPICON_NAME = AppIcon;
				ASSETCATALOG_COMPILER_GLOBAL_ACCENT_COLOR_NAME = AccentColor;
				CODE_SIGN_STYLE = Automatic;
				CURRENT_PROJECT_VERSION = 1;
				DEVELOPMENT_TEAM = L8NCUCPRPQ;
				GENERATE_INFOPLIST_FILE = YES;
				INFOPLIST_KEY_CFBundleDisplayName = "Lost Choir";
				INFOPLIST_KEY_LSApplicationCategoryType = "public.app-category.games";
				INFOPLIST_KEY_UIApplicationSupportsIndirectInputEvents = YES;
				INFOPLIST_KEY_UILaunchStoryboardName = LaunchScreen;
				INFOPLIST_KEY_UIMainStoryboardFile = Main;
				INFOPLIST_KEY_UIStatusBarHidden = YES;
				INFOPLIST_KEY_UISupportedInterfaceOrientations = UIInterfaceOrientationPortrait;
				INFOPLIST_KEY_UISupportedInterfaceOrientations_iPad = "UIInterfaceOrientationLandscapeLeft UIInterfaceOrientationLandscapeRight UIInterfaceOrientationPortrait UIInterfaceOrientationPortraitUpsideDown";
				LD_RUNPATH_SEARCH_PATHS = (
					"$(inherited)",
					"@executable_path/Frameworks",
				);
				MARKETING_VERSION = 1.0;
				PRODUCT_BUNDLE_IDENTIFIER = "Apple-Developer-Academy.-DGameExploration";
				PRODUCT_NAME = "$(TARGET_NAME)";
				SUPPORTED_PLATFORMS = "iphoneos iphonesimulator";
				SUPPORTS_MACCATALYST = NO;
				SUPPORTS_MAC_DESIGNED_FOR_IPHONE_IPAD = NO;
				SWIFT_EMIT_LOC_STRINGS = YES;
				SWIFT_VERSION = 5.0;
				TARGETED_DEVICE_FAMILY = 1;
			};
			name = Release;
		};
/* End XCBuildConfiguration section */

/* Begin XCConfigurationList section */
		37C29B902A400F0E001C2335 /* Build configuration list for PBXProject "Lost Choir" */ = {
			isa = XCConfigurationList;
			buildConfigurations = (
				37C29BAA2A400F0F001C2335 /* Debug */,
				37C29BAB2A400F0F001C2335 /* Release */,
			);
			defaultConfigurationIsVisible = 0;
			defaultConfigurationName = Release;
		};
		37C29BAC2A400F0F001C2335 /* Build configuration list for PBXNativeTarget "Lost Choir" */ = {
			isa = XCConfigurationList;
			buildConfigurations = (
				37C29BAD2A400F0F001C2335 /* Debug */,
				37C29BAE2A400F0F001C2335 /* Release */,
			);
			defaultConfigurationIsVisible = 0;
			defaultConfigurationName = Release;
		};
/* End XCConfigurationList section */
	};
	rootObject = 37C29B8D2A400F0E001C2335 /* Project object */;
}
